
Microsoft Visual Studio Solution File, Format Version 12.00
# Visual Studio Version 17
VisualStudioVersion = 17.8.34330.188
MinimumVisualStudioVersion = 10.0.40219.1
Project("{9A19103F-16F7-4668-BE54-9A1E7A4F7556}") = "DVMod", "DVMod.csproj", "{0FA34877-589B-4800-9602-1ED6C339FAE3}"
EndProject
Global
	GlobalSection(SolutionConfigurationPlatforms) = preSolution
		Debug|Any CPU = Debug|Any CPU
		Release|Any CPU = Release|Any CPU
	EndGlobalSection
	GlobalSection(ProjectConfigurationPlatforms) = postSolution
		{0FA34877-589B-4800-9602-1ED6C339FAE3}.Debug|Any CPU.ActiveCfg = Debug|Any CPU
		{0FA34877-589B-4800-9602-1ED6C339FAE3}.Debug|Any CPU.Build.0 = Debug|Any CPU
		{0FA34877-589B-4800-9602-1ED6C339FAE3}.Release|Any CPU.ActiveCfg = Release|Any CPU
		{0FA34877-589B-4800-9602-1ED6C339FAE3}.Release|Any CPU.Build.0 = Release|Any CPU
	EndGlobalSection
	GlobalSection(SolutionProperties) = preSolution
		HideSolutionNode = FALSE
	EndGlobalSection
	GlobalSection(ExtensibilityGlobals) = postSolution
		SolutionGuid = {1E685549-2DF9-4026-BBF8-F07981DBA4BC}
	EndGlobalSection
EndGlobal
